
Microsoft Visual Studio Solution File, Format Version 12.00
# Visual Studio 14
VisualStudioVersion = 14.0.24720.0
MinimumVisualStudioVersion = 10.0.40219.1
Project("{FAE04EC0-301F-11D3-BF4B-00C04F79EFBC}") = "ChildInsurance.Web", "ChildInsurance.Web\ChildInsurance.Web.csproj", "{584DD1DB-FED3-4631-ABF4-7D9B1213243F}"
EndProject
Project("{FAE04EC0-301F-11D3-BF4B-00C04F79EFBC}") = "ChildInsurance.Data", "ChildInsurance.Data\ChildInsurance.Data.csproj", "{F3B5AD13-C637-4F11-B420-7CC33ED102FA}"
EndProject
Project("{FAE04EC0-301F-11D3-BF4B-00C04F79EFBC}") = "ChildInsurance.Engine.CareerGuidanceInference", "ChildInsurance.Engine.CareerGuidanceInference\ChildInsurance.Engine.CareerGuidanceInference.csproj", "{53372761-0651-4E01-8E7D-12C2F31AB051}"
EndProject
Project("{FAE04EC0-301F-11D3-BF4B-00C04F79EFBC}") = "ChildInsurance.Engine.FinancialRecommendation", "ChildInsurance.Engine.FinancialRecommendation\ChildInsurance.Engine.FinancialRecommendation.csproj", "{3A57538A-9C9D-4855-9F2E-1ED11E7ADEB4}"
EndProject
Global
	GlobalSection(SolutionConfigurationPlatforms) = preSolution
		Debug|Any CPU = Debug|Any CPU
		Release|Any CPU = Release|Any CPU
	EndGlobalSection
	GlobalSection(ProjectConfigurationPlatforms) = postSolution
		{584DD1DB-FED3-4631-ABF4-7D9B1213243F}.Debug|Any CPU.ActiveCfg = Debug|Any CPU
		{584DD1DB-FED3-4631-ABF4-7D9B1213243F}.Debug|Any CPU.Build.0 = Debug|Any CPU
		{584DD1DB-FED3-4631-ABF4-7D9B1213243F}.Release|Any CPU.ActiveCfg = Release|Any CPU
		{584DD1DB-FED3-4631-ABF4-7D9B1213243F}.Release|Any CPU.Build.0 = Release|Any CPU
		{F3B5AD13-C637-4F11-B420-7CC33ED102FA}.Debug|Any CPU.ActiveCfg = Debug|Any CPU
		{F3B5AD13-C637-4F11-B420-7CC33ED102FA}.Debug|Any CPU.Build.0 = Debug|Any CPU
		{F3B5AD13-C637-4F11-B420-7CC33ED102FA}.Release|Any CPU.ActiveCfg = Release|Any CPU
		{F3B5AD13-C637-4F11-B420-7CC33ED102FA}.Release|Any CPU.Build.0 = Release|Any CPU
		{53372761-0651-4E01-8E7D-12C2F31AB051}.Debug|Any CPU.ActiveCfg = Debug|Any CPU
		{53372761-0651-4E01-8E7D-12C2F31AB051}.Debug|Any CPU.Build.0 = Debug|Any CPU
		{53372761-0651-4E01-8E7D-12C2F31AB051}.Release|Any CPU.ActiveCfg = Release|Any CPU
		{53372761-0651-4E01-8E7D-12C2F31AB051}.Release|Any CPU.Build.0 = Release|Any CPU
		{3A57538A-9C9D-4855-9F2E-1ED11E7ADEB4}.Debug|Any CPU.ActiveCfg = Debug|Any CPU
		{3A57538A-9C9D-4855-9F2E-1ED11E7ADEB4}.Debug|Any CPU.Build.0 = Debug|Any CPU
		{3A57538A-9C9D-4855-9F2E-1ED11E7ADEB4}.Release|Any CPU.ActiveCfg = Release|Any CPU
		{3A57538A-9C9D-4855-9F2E-1ED11E7ADEB4}.Release|Any CPU.Build.0 = Release|Any CPU
	EndGlobalSection
	GlobalSection(SolutionProperties) = preSolution
		HideSolutionNode = FALSE
	EndGlobalSection
EndGlobal
